
Microsoft Visual Studio Solution File, Format Version 12.00
# Visual Studio Version 17
VisualStudioVersion = 17.10.35013.160
MinimumVisualStudioVersion = 10.0.40219.1
Project("{FAE04EC0-301F-11D3-BF4B-00C04F79EFBC}") = "wpf-cw2", "wpf-cw2\wpf-cw2.csproj", "{E7F62D56-DEA7-493E-B0F8-350242EE9F1E}"
EndProject
Global
	GlobalSection(SolutionConfigurationPlatforms) = preSolution
		Debug|Any CPU = Debug|Any CPU
		Release|Any CPU = Release|Any CPU
	EndGlobalSection
	GlobalSection(ProjectConfigurationPlatforms) = postSolution
		{E7F62D56-DEA7-493E-B0F8-350242EE9F1E}.Debug|Any CPU.ActiveCfg = Debug|Any CPU
		{E7F62D56-DEA7-493E-B0F8-350242EE9F1E}.Debug|Any CPU.Build.0 = Debug|Any CPU
		{E7F62D56-DEA7-493E-B0F8-350242EE9F1E}.Release|Any CPU.ActiveCfg = Release|Any CPU
		{E7F62D56-DEA7-493E-B0F8-350242EE9F1E}.Release|Any CPU.Build.0 = Release|Any CPU
	EndGlobalSection
	GlobalSection(SolutionProperties) = preSolution
		HideSolutionNode = FALSE
	EndGlobalSection
	GlobalSection(ExtensibilityGlobals) = postSolution
		SolutionGuid = {FD021D8B-CB6D-4E23-809D-DF8D195A5BBD}
	EndGlobalSection
EndGlobal
